
Microsoft Visual Studio Solution File, Format Version 12.00
# Visual Studio Version 16
VisualStudioVersion = 16.0.29025.244
MinimumVisualStudioVersion = 10.0.40219.1
Project("{FAE04EC0-301F-11D3-BF4B-00C04F79EFBC}") = "App_Tarefa.UWP", "App_Tarefa\App_Tarefa.UWP\App_Tarefa.UWP.csproj", "{524E33FD-553E-4B91-8344-651CC8889E34}"
EndProject
Project("{FAE04EC0-301F-11D3-BF4B-00C04F79EFBC}") = "App_Tarefa.Android", "App_Tarefa\App_Tarefa.Android\App_Tarefa.Android.csproj", "{67C616E4-78FB-4C95-AF5E-7B08BA41FCD0}"
EndProject
Project("{FAE04EC0-301F-11D3-BF4B-00C04F79EFBC}") = "App_Tarefa.iOS", "App_Tarefa\App_Tarefa.iOS\App_Tarefa.iOS.csproj", "{CE6BF4F5-F9D3-4463-BD15-27BFD38744B0}"
EndProject
Project("{FAE04EC0-301F-11D3-BF4B-00C04F79EFBC}") = "App_Tarefa", "App_Tarefa\App_Tarefa\App_Tarefa.csproj", "{54AE11D0-017B-4FAD-A3BD-810F37E3423A}"
EndProject
Global
	GlobalSection(SolutionConfigurationPlatforms) = preSolution
		Debug|Any CPU = Debug|Any CPU
		Debug|ARM = Debug|ARM
		Debug|iPhone = Debug|iPhone
		Debug|iPhoneSimulator = Debug|iPhoneSimulator
		Debug|x64 = Debug|x64
		Debug|x86 = Debug|x86
		Release|Any CPU = Release|Any CPU
		Release|ARM = Release|ARM
		Release|iPhone = Release|iPhone
		Release|iPhoneSimulator = Release|iPhoneSimulator
		Release|x64 = Release|x64
		Release|x86 = Release|x86
	EndGlobalSection
	GlobalSection(ProjectConfigurationPlatforms) = postSolution
		{524E33FD-553E-4B91-8344-651CC8889E34}.Debug|Any CPU.ActiveCfg = Debug|x86
		{524E33FD-553E-4B91-8344-651CC8889E34}.Debug|Any CPU.Build.0 = Debug|x86
		{524E33FD-553E-4B91-8344-651CC8889E34}.Debug|Any CPU.Deploy.0 = Debug|x86
		{524E33FD-553E-4B91-8344-651CC8889E34}.Debug|ARM.ActiveCfg = Debug|ARM
		{524E33FD-553E-4B91-8344-651CC8889E34}.Debug|ARM.Build.0 = Debug|ARM
		{524E33FD-553E-4B91-8344-651CC8889E34}.Debug|ARM.Deploy.0 = Debug|ARM
		{524E33FD-553E-4B91-8344-651CC8889E34}.Debug|iPhone.ActiveCfg = Debug|x86
		{524E33FD-553E-4B91-8344-651CC8889E34}.Debug|iPhone.Build.0 = Debug|x86
		{524E33FD-553E-4B91-8344-651CC8889E34}.Debug|iPhone.Deploy.0 = Debug|x86
		{524E33FD-553E-4B91-8344-651CC8889E34}.Debug|iPhoneSimulator.ActiveCfg = Debug|x86
		{524E33FD-553E-4B91-8344-651CC8889E34}.Debug|iPhoneSimulator.Build.0 = Debug|x86
		{524E33FD-553E-4B91-8344-651CC8889E34}.Debug|iPhoneSimulator.Deploy.0 = Debug|x86
		{524E33FD-553E-4B91-8344-651CC8889E34}.Debug|x64.ActiveCfg = Debug|x64
		{524E33FD-553E-4B91-8344-651CC8889E34}.Debug|x64.Build.0 = Debug|x64
		{524E33FD-553E-4B91-8344-651CC8889E34}.Debug|x64.Deploy.0 = Debug|x64
		{524E33FD-553E-4B91-8344-651CC8889E34}.Debug|x86.ActiveCfg = Debug|x86
		{524E33FD-553E-4B91-8344-651CC8889E34}.Debug|x86.Build.0 = Debug|x86
		{524E33FD-553E-4B91-8344-651CC8889E34}.Debug|x86.Deploy.0 = Debug|x86
		{524E33FD-553E-4B91-8344-651CC8889E34}.Release|Any CPU.ActiveCfg = Release|x86
		{524E33FD-553E-4B91-8344-651CC8889E34}.Release|Any CPU.Build.0 = Release|x86
		{524E33FD-553E-4B91-8344-651CC8889E34}.Release|Any CPU.Deploy.0 = Release|x86
		{524E33FD-553E-4B91-8344-651CC8889E34}.Release|ARM.ActiveCfg = Release|ARM
		{524E33FD-553E-4B91-8344-651CC8889E34}.Release|ARM.Build.0 = Release|ARM
		{524E33FD-553E-4B91-8344-651CC8889E34}.Release|ARM.Deploy.0 = Release|ARM
		{524E33FD-553E-4B91-8344-651CC8889E34}.Release|iPhone.ActiveCfg = Release|x86
		{524E33FD-553E-4B91-8344-651CC8889E34}.Release|iPhone.Build.0 = Release|x86
		{524E33FD-553E-4B91-8344-651CC8889E34}.Release|iPhone.Deploy.0 = Release|x86
		{524E33FD-553E-4B91-8344-651CC8889E34}.Release|iPhoneSimulator.ActiveCfg = Release|x86
		{524E33FD-553E-4B91-8344-651CC8889E34}.Release|iPhoneSimulator.Build.0 = Release|x86
		{524E33FD-553E-4B91-8344-651CC8889E34}.Release|iPhoneSimulator.Deploy.0 = Release|x86
		{524E33FD-553E-4B91-8344-651CC8889E34}.Release|x64.ActiveCfg = Release|x64
		{524E33FD-553E-4B91-8344-651CC8889E34}.Release|x64.Build.0 = Release|x64
		{524E33FD-553E-4B91-8344-651CC8889E34}.Release|x64.Deploy.0 = Release|x64
		{524E33FD-553E-4B91-8344-651CC8889E34}.Release|x86.ActiveCfg = Release|x86
		{524E33FD-553E-4B91-8344-651CC8889E34}.Release|x86.Build.0 = Release|x86
		{524E33FD-553E-4B91-8344-651CC8889E34}.Release|x86.Deploy.0 = Release|x86
		{67C616E4-78FB-4C95-AF5E-7B08BA41FCD0}.Debug|Any CPU.ActiveCfg = Debug|Any CPU
		{67C616E4-78FB-4C95-AF5E-7B08BA41FCD0}.Debug|Any CPU.Build.0 = Debug|Any CPU
		{67C616E4-78FB-4C95-AF5E-7B08BA41FCD0}.Debug|Any CPU.Deploy.0 = Debug|Any CPU
		{67C616E4-78FB-4C95-AF5E-7B08BA41FCD0}.Debug|ARM.ActiveCfg = Debug|Any CPU
		{67C616E4-78FB-4C95-AF5E-7B08BA41FCD0}.Debug|ARM.Build.0 = Debug|Any CPU
		{67C616E4-78FB-4C95-AF5E-7B08BA41FCD0}.Debug|ARM.Deploy.0 = Debug|Any CPU
		{67C616E4-78FB-4C95-AF5E-7B08BA41FCD0}.Debug|iPhone.ActiveCfg = Debug|Any CPU
		{67C616E4-78FB-4C95-AF5E-7B08BA41FCD0}.Debug|iPhone.Build.0 = Debug|Any CPU
		{67C616E4-78FB-4C95-AF5E-7B08BA41FCD0}.Debug|iPhone.Deploy.0 = Debug|Any CPU
		{67C616E4-78FB-4C95-AF5E-7B08BA41FCD0}.Debug|iPhoneSimulator.ActiveCfg = Debug|Any CPU
		{67C616E4-78FB-4C95-AF5E-7B08BA41FCD0}.Debug|iPhoneSimulator.Build.0 = Debug|Any CPU
		{67C616E4-78FB-4C95-AF5E-7B08BA41FCD0}.Debug|iPhoneSimulator.Deploy.0 = Debug|Any CPU
		{67C616E4-78FB-4C95-AF5E-7B08BA41FCD0}.Debug|x64.ActiveCfg = Debug|Any CPU
		{67C616E4-78FB-4C95-AF5E-7B08BA41FCD0}.Debug|x64.Build.0 = Debug|Any CPU
		{67C616E4-78FB-4C95-AF5E-7B08BA41FCD0}.Debug|x64.Deploy.0 = Debug|Any CPU
		{67C616E4-78FB-4C95-AF5E-7B08BA41FCD0}.Debug|x86.ActiveCfg = Debug|Any CPU
		{67C616E4-78FB-4C95-AF5E-7B08BA41FCD0}.Debug|x86.Build.0 = Debug|Any CPU
		{67C616E4-78FB-4C95-AF5E-7B08BA41FCD0}.Debug|x86.Deploy.0 = Debug|Any CPU
		{67C616E4-78FB-4C95-AF5E-7B08BA41FCD0}.Release|Any CPU.ActiveCfg = Release|Any CPU
		{67C616E4-78FB-4C95-AF5E-7B08BA41FCD0}.Release|Any CPU.Build.0 = Release|Any CPU
		{67C616E4-78FB-4C95-AF5E-7B08BA41FCD0}.Release|Any CPU.Deploy.0 = Release|Any CPU
		{67C616E4-78FB-4C95-AF5E-7B08BA41FCD0}.Release|ARM.ActiveCfg = Release|Any CPU
		{67C616E4-78FB-4C95-AF5E-7B08BA41FCD0}.Release|ARM.Build.0 = Release|Any CPU
		{67C616E4-78FB-4C95-AF5E-7B08BA41FCD0}.Release|ARM.Deploy.0 = Release|Any CPU
		{67C616E4-78FB-4C95-AF5E-7B08BA41FCD0}.Release|iPhone.ActiveCfg = Release|Any CPU
		{67C616E4-78FB-4C95-AF5E-7B08BA41FCD0}.Release|iPhone.Build.0 = Release|Any CPU
		{67C616E4-78FB-4C95-AF5E-7B08BA41FCD0}.Release|iPhone.Deploy.0 = Release|Any CPU
		{67C616E4-78FB-4C95-AF5E-7B08BA41FCD0}.Release|iPhoneSimulator.ActiveCfg = Release|Any CPU
		{67C616E4-78FB-4C95-AF5E-7B08BA41FCD0}.Release|iPhoneSimulator.Build.0 = Release|Any CPU
		{67C616E4-78FB-4C95-AF5E-7B08BA41FCD0}.Release|iPhoneSimulator.Deploy.0 = Release|Any CPU
		{67C616E4-78FB-4C95-AF5E-7B08BA41FCD0}.Release|x64.ActiveCfg = Release|Any CPU
		{67C616E4-78FB-4C95-AF5E-7B08BA41FCD0}.Release|x64.Build.0 = Release|Any CPU
		{67C616E4-78FB-4C95-AF5E-7B08BA41FCD0}.Release|x64.Deploy.0 = Release|Any CPU
		{67C616E4-78FB-4C95-AF5E-7B08BA41FCD0}.Release|x86.ActiveCfg = Release|Any CPU
		{67C616E4-78FB-4C95-AF5E-7B08BA41FCD0}.Release|x86.Build.0 = Release|Any CPU
		{67C616E4-78FB-4C95-AF5E-7B08BA41FCD0}.Release|x86.Deploy.0 = Release|Any CPU
		{CE6BF4F5-F9D3-4463-BD15-27BFD38744B0}.Debug|Any CPU.ActiveCfg = Debug|iPhone
		{CE6BF4F5-F9D3-4463-BD15-27BFD38744B0}.Debug|Any CPU.Build.0 = Debug|iPhone
		{CE6BF4F5-F9D3-4463-BD15-27BFD38744B0}.Debug|Any CPU.Deploy.0 = Debug|iPhone
		{CE6BF4F5-F9D3-4463-BD15-27BFD38744B0}.Debug|ARM.ActiveCfg = Debug|iPhoneSimulator
		{CE6BF4F5-F9D3-4463-BD15-27BFD38744B0}.Debug|ARM.Build.0 = Debug|iPhoneSimulator
		{CE6BF4F5-F9D3-4463-BD15-27BFD38744B0}.Debug|ARM.Deploy.0 = Debug|iPhoneSimulator
		{CE6BF4F5-F9D3-4463-BD15-27BFD38744B0}.Debug|iPhone.ActiveCfg = Debug|iPhone
		{CE6BF4F5-F9D3-4463-BD15-27BFD38744B0}.Debug|iPhone.Build.0 = Debug|iPhone
		{CE6BF4F5-F9D3-4463-BD15-27BFD38744B0}.Debug|iPhone.Deploy.0 = Debug|iPhone
		{CE6BF4F5-F9D3-4463-BD15-27BFD38744B0}.Debug|iPhoneSimulator.ActiveCfg = Debug|iPhoneSimulator
		{CE6BF4F5-F9D3-4463-BD15-27BFD38744B0}.Debug|iPhoneSimulator.Build.0 = Debug|iPhoneSimulator
		{CE6BF4F5-F9D3-4463-BD15-27BFD38744B0}.Debug|iPhoneSimulator.Deploy.0 = Debug|iPhoneSimulator
		{CE6BF4F5-F9D3-4463-BD15-27BFD38744B0}.Debug|x64.ActiveCfg = Debug|iPhone
		{CE6BF4F5-F9D3-4463-BD15-27BFD38744B0}.Debug|x64.Build.0 = Debug|iPhone
		{CE6BF4F5-F9D3-4463-BD15-27BFD38744B0}.Debug|x64.Deploy.0 = Debug|iPhone
		{CE6BF4F5-F9D3-4463-BD15-27BFD38744B0}.Debug|x86.ActiveCfg = Debug|iPhone
		{CE6BF4F5-F9D3-4463-BD15-27BFD38744B0}.Debug|x86.Build.0 = Debug|iPhone
		{CE6BF4F5-F9D3-4463-BD15-27BFD38744B0}.Debug|x86.Deploy.0 = Debug|iPhone
		{CE6BF4F5-F9D3-4463-BD15-27BFD38744B0}.Release|Any CPU.ActiveCfg = Release|iPhone
		{CE6BF4F5-F9D3-4463-BD15-27BFD38744B0}.Release|Any CPU.Build.0 = Release|iPhone
		{CE6BF4F5-F9D3-4463-BD15-27BFD38744B0}.Release|Any CPU.Deploy.0 = Release|iPhone
		{CE6BF4F5-F9D3-4463-BD15-27BFD38744B0}.Release|ARM.ActiveCfg = Release|iPhone
		{CE6BF4F5-F9D3-4463-BD15-27BFD38744B0}.Release|ARM.Build.0 = Release|iPhone
		{CE6BF4F5-F9D3-4463-BD15-27BFD38744B0}.Release|ARM.Deploy.0 = Release|iPhone
		{CE6BF4F5-F9D3-4463-BD15-27BFD38744B0}.Release|iPhone.ActiveCfg = Release|iPhone
		{CE6BF4F5-F9D3-4463-BD15-27BFD38744B0}.Release|iPhone.Build.0 = Release|iPhone
		{CE6BF4F5-F9D3-4463-BD15-27BFD38744B0}.Release|iPhone.Deploy.0 = Release|iPhone
		{CE6BF4F5-F9D3-4463-BD15-27BFD38744B0}.Release|iPhoneSimulator.ActiveCfg = Release|iPhoneSimulator
		{CE6BF4F5-F9D3-4463-BD15-27BFD38744B0}.Release|iPhoneSimulator.Build.0 = Release|iPhoneSimulator
		{CE6BF4F5-F9D3-4463-BD15-27BFD38744B0}.Release|iPhoneSimulator.Deploy.0 = Release|iPhoneSimulator
		{CE6BF4F5-F9D3-4463-BD15-27BFD38744B0}.Release|x64.ActiveCfg = Release|iPhone
		{CE6BF4F5-F9D3-4463-BD15-27BFD38744B0}.Release|x64.Build.0 = Release|iPhone
		{CE6BF4F5-F9D3-4463-BD15-27BFD38744B0}.Release|x64.Deploy.0 = Release|iPhone
		{CE6BF4F5-F9D3-4463-BD15-27BFD38744B0}.Release|x86.ActiveCfg = Release|iPhone
		{CE6BF4F5-F9D3-4463-BD15-27BFD38744B0}.Release|x86.Build.0 = Release|iPhone
		{CE6BF4F5-F9D3-4463-BD15-27BFD38744B0}.Release|x86.Deploy.0 = Release|iPhone
		{54AE11D0-017B-4FAD-A3BD-810F37E3423A}.Debug|Any CPU.ActiveCfg = Debug|Any CPU
		{54AE11D0-017B-4FAD-A3BD-810F37E3423A}.Debug|Any CPU.Build.0 = Debug|Any CPU
		{54AE11D0-017B-4FAD-A3BD-810F37E3423A}.Debug|Any CPU.Deploy.0 = Debug|Any CPU
		{54AE11D0-017B-4FAD-A3BD-810F37E3423A}.Debug|ARM.ActiveCfg = Debug|Any CPU
		{54AE11D0-017B-4FAD-A3BD-810F37E3423A}.Debug|ARM.Build.0 = Debug|Any CPU
		{54AE11D0-017B-4FAD-A3BD-810F37E3423A}.Debug|ARM.Deploy.0 = Debug|Any CPU
		{54AE11D0-017B-4FAD-A3BD-810F37E3423A}.Debug|iPhone.ActiveCfg = Debug|Any CPU
		{54AE11D0-017B-4FAD-A3BD-810F37E3423A}.Debug|iPhone.Build.0 = Debug|Any CPU
		{54AE11D0-017B-4FAD-A3BD-810F37E3423A}.Debug|iPhone.Deploy.0 = Debug|Any CPU
		{54AE11D0-017B-4FAD-A3BD-810F37E3423A}.Debug|iPhoneSimulator.ActiveCfg = Debug|Any CPU
		{54AE11D0-017B-4FAD-A3BD-810F37E3423A}.Debug|iPhoneSimulator.Build.0 = Debug|Any CPU
		{54AE11D0-017B-4FAD-A3BD-810F37E3423A}.Debug|iPhoneSimulator.Deploy.0 = Debug|Any CPU
		{54AE11D0-017B-4FAD-A3BD-810F37E3423A}.Debug|x64.ActiveCfg = Debug|Any CPU
		{54AE11D0-017B-4FAD-A3BD-810F37E3423A}.Debug|x64.Build.0 = Debug|Any CPU
		{54AE11D0-017B-4FAD-A3BD-810F37E3423A}.Debug|x64.Deploy.0 = Debug|Any CPU
		{54AE11D0-017B-4FAD-A3BD-810F37E3423A}.Debug|x86.ActiveCfg = Debug|Any CPU
		{54AE11D0-017B-4FAD-A3BD-810F37E3423A}.Debug|x86.Build.0 = Debug|Any CPU
		{54AE11D0-017B-4FAD-A3BD-810F37E3423A}.Debug|x86.Deploy.0 = Debug|Any CPU
		{54AE11D0-017B-4FAD-A3BD-810F37E3423A}.Release|Any CPU.ActiveCfg = Release|Any CPU
		{54AE11D0-017B-4FAD-A3BD-810F37E3423A}.Release|Any CPU.Build.0 = Release|Any CPU
		{54AE11D0-017B-4FAD-A3BD-810F37E3423A}.Release|Any CPU.Deploy.0 = Release|Any CPU
		{54AE11D0-017B-4FAD-A3BD-810F37E3423A}.Release|ARM.ActiveCfg = Release|Any CPU
		{54AE11D0-017B-4FAD-A3BD-810F37E3423A}.Release|ARM.Build.0 = Release|Any CPU
		{54AE11D0-017B-4FAD-A3BD-810F37E3423A}.Release|ARM.Deploy.0 = Release|Any CPU
		{54AE11D0-017B-4FAD-A3BD-810F37E3423A}.Release|iPhone.ActiveCfg = Release|Any CPU
		{54AE11D0-017B-4FAD-A3BD-810F37E3423A}.Release|iPhone.Build.0 = Release|Any CPU
		{54AE11D0-017B-4FAD-A3BD-810F37E3423A}.Release|iPhone.Deploy.0 = Release|Any CPU
		{54AE11D0-017B-4FAD-A3BD-810F37E3423A}.Release|iPhoneSimulator.ActiveCfg = Release|Any CPU
		{54AE11D0-017B-4FAD-A3BD-810F37E3423A}.Release|iPhoneSimulator.Build.0 = Release|Any CPU
		{54AE11D0-017B-4FAD-A3BD-810F37E3423A}.Release|iPhoneSimulator.Deploy.0 = Release|Any CPU
		{54AE11D0-017B-4FAD-A3BD-810F37E3423A}.Release|x64.ActiveCfg = Release|Any CPU
		{54AE11D0-017B-4FAD-A3BD-810F37E3423A}.Release|x64.Build.0 = Release|Any CPU
		{54AE11D0-017B-4FAD-A3BD-810F37E3423A}.Release|x64.Deploy.0 = Release|Any CPU
		{54AE11D0-017B-4FAD-A3BD-810F37E3423A}.Release|x86.ActiveCfg = Release|Any CPU
		{54AE11D0-017B-4FAD-A3BD-810F37E3423A}.Release|x86.Build.0 = Release|Any CPU
		{54AE11D0-017B-4FAD-A3BD-810F37E3423A}.Release|x86.Deploy.0 = Release|Any CPU
	EndGlobalSection
	GlobalSection(SolutionProperties) = preSolution
		HideSolutionNode = FALSE
	EndGlobalSection
	GlobalSection(ExtensibilityGlobals) = postSolution
		SolutionGuid = {F51F5277-EC60-4FCA-858A-D39C038C289D}
	EndGlobalSection
EndGlobal
